
Microsoft Visual Studio Solution File, Format Version 11.00
# Visual Studio 2010
Project("{FAE04EC0-301F-11D3-BF4B-00C04F79EFBC}") = "Gibbed.Helpers", "Gibbed.Helpers\Gibbed.Helpers.csproj", "{5162A9FB-4DE1-4BBF-B7A2-5E8116AB0D26}"
EndProject
Project("{FAE04EC0-301F-11D3-BF4B-00C04F79EFBC}") = "NDesk.Options", "NDesk.Options\NDesk.Options.csproj", "{C98A6CD6-9422-4B35-8B7A-F520D75534D1}"
EndProject
Project("{FAE04EC0-301F-11D3-BF4B-00C04F79EFBC}") = "Gibbed.Squish", "Gibbed.Squish\Gibbed.Squish.csproj", "{242D0738-AA4C-4C9C-A218-891A8F55559C}"
EndProject
Project("{2150E333-8FDC-42A3-9474-1A3956D46DE8}") = "Misc", "Misc", "{BE2670D1-698C-4D98-95DC-8CD01C242A4C}"
EndProject
Project("{2150E333-8FDC-42A3-9474-1A3956D46DE8}") = "Tools", "Tools", "{901463B8-E4EC-48E9-82A7-CB39169B844E}"
EndProject
Project("{FAE04EC0-301F-11D3-BF4B-00C04F79EFBC}") = "Gibbed.Illusion.DecompressSDS", "projects\Gibbed.Illusion.DecompressSDS\Gibbed.Illusion.DecompressSDS.csproj", "{C83939E7-713A-4A67-B0E9-B003262EE8DA}"
EndProject
Project("{FAE04EC0-301F-11D3-BF4B-00C04F79EFBC}") = "Gibbed.Illusion.DecryptSDS", "projects\Gibbed.Illusion.DecryptSDS\Gibbed.Illusion.DecryptSDS.csproj", "{ED5B538C-383D-48EB-94E3-1180D78BB716}"
EndProject
Project("{FAE04EC0-301F-11D3-BF4B-00C04F79EFBC}") = "Gibbed.Illusion.ExploreSDS", "projects\Gibbed.Illusion.ExploreSDS\Gibbed.Illusion.ExploreSDS.csproj", "{CCE32A18-2AB1-4066-9B05-F2B24DAF9613}"
EndProject
Project("{FAE04EC0-301F-11D3-BF4B-00C04F79EFBC}") = "Gibbed.Illusion.FileFormats", "projects\Gibbed.Illusion.FileFormats\Gibbed.Illusion.FileFormats.csproj", "{5A432EEC-FE92-4AD8-9DE0-FABBA0B552B4}"
EndProject
Global
	GlobalSection(SolutionConfigurationPlatforms) = preSolution
		Debug|Any CPU = Debug|Any CPU
		Release|Any CPU = Release|Any CPU
	EndGlobalSection
	GlobalSection(ProjectConfigurationPlatforms) = postSolution
		{5162A9FB-4DE1-4BBF-B7A2-5E8116AB0D26}.Debug|Any CPU.ActiveCfg = Debug|Any CPU
		{5162A9FB-4DE1-4BBF-B7A2-5E8116AB0D26}.Debug|Any CPU.Build.0 = Debug|Any CPU
		{5162A9FB-4DE1-4BBF-B7A2-5E8116AB0D26}.Release|Any CPU.ActiveCfg = Release|Any CPU
		{5162A9FB-4DE1-4BBF-B7A2-5E8116AB0D26}.Release|Any CPU.Build.0 = Release|Any CPU
		{C98A6CD6-9422-4B35-8B7A-F520D75534D1}.Debug|Any CPU.ActiveCfg = Debug|Any CPU
		{C98A6CD6-9422-4B35-8B7A-F520D75534D1}.Debug|Any CPU.Build.0 = Debug|Any CPU
		{C98A6CD6-9422-4B35-8B7A-F520D75534D1}.Release|Any CPU.ActiveCfg = Release|Any CPU
		{C98A6CD6-9422-4B35-8B7A-F520D75534D1}.Release|Any CPU.Build.0 = Release|Any CPU
		{242D0738-AA4C-4C9C-A218-891A8F55559C}.Debug|Any CPU.ActiveCfg = Debug|Any CPU
		{242D0738-AA4C-4C9C-A218-891A8F55559C}.Debug|Any CPU.Build.0 = Debug|Any CPU
		{242D0738-AA4C-4C9C-A218-891A8F55559C}.Release|Any CPU.ActiveCfg = Release|Any CPU
		{242D0738-AA4C-4C9C-A218-891A8F55559C}.Release|Any CPU.Build.0 = Release|Any CPU
		{C83939E7-713A-4A67-B0E9-B003262EE8DA}.Debug|Any CPU.ActiveCfg = Debug|Any CPU
		{C83939E7-713A-4A67-B0E9-B003262EE8DA}.Debug|Any CPU.Build.0 = Debug|Any CPU
		{C83939E7-713A-4A67-B0E9-B003262EE8DA}.Release|Any CPU.ActiveCfg = Release|Any CPU
		{C83939E7-713A-4A67-B0E9-B003262EE8DA}.Release|Any CPU.Build.0 = Release|Any CPU
		{ED5B538C-383D-48EB-94E3-1180D78BB716}.Debug|Any CPU.ActiveCfg = Debug|Any CPU
		{ED5B538C-383D-48EB-94E3-1180D78BB716}.Debug|Any CPU.Build.0 = Debug|Any CPU
		{ED5B538C-383D-48EB-94E3-1180D78BB716}.Release|Any CPU.ActiveCfg = Release|Any CPU
		{ED5B538C-383D-48EB-94E3-1180D78BB716}.Release|Any CPU.Build.0 = Release|Any CPU
		{CCE32A18-2AB1-4066-9B05-F2B24DAF9613}.Debug|Any CPU.ActiveCfg = Debug|Any CPU
		{CCE32A18-2AB1-4066-9B05-F2B24DAF9613}.Debug|Any CPU.Build.0 = Debug|Any CPU
		{CCE32A18-2AB1-4066-9B05-F2B24DAF9613}.Release|Any CPU.ActiveCfg = Release|Any CPU
		{CCE32A18-2AB1-4066-9B05-F2B24DAF9613}.Release|Any CPU.Build.0 = Release|Any CPU
		{5A432EEC-FE92-4AD8-9DE0-FABBA0B552B4}.Debug|Any CPU.ActiveCfg = Debug|Any CPU
		{5A432EEC-FE92-4AD8-9DE0-FABBA0B552B4}.Debug|Any CPU.Build.0 = Debug|Any CPU
		{5A432EEC-FE92-4AD8-9DE0-FABBA0B552B4}.Release|Any CPU.ActiveCfg = Release|Any CPU
		{5A432EEC-FE92-4AD8-9DE0-FABBA0B552B4}.Release|Any CPU.Build.0 = Release|Any CPU
	EndGlobalSection
	GlobalSection(SolutionProperties) = preSolution
		HideSolutionNode = FALSE
	EndGlobalSection
	GlobalSection(NestedProjects) = preSolution
		{C98A6CD6-9422-4B35-8B7A-F520D75534D1} = {BE2670D1-698C-4D98-95DC-8CD01C242A4C}
		{242D0738-AA4C-4C9C-A218-891A8F55559C} = {BE2670D1-698C-4D98-95DC-8CD01C242A4C}
		{5162A9FB-4DE1-4BBF-B7A2-5E8116AB0D26} = {BE2670D1-698C-4D98-95DC-8CD01C242A4C}
		{C83939E7-713A-4A67-B0E9-B003262EE8DA} = {901463B8-E4EC-48E9-82A7-CB39169B844E}
		{ED5B538C-383D-48EB-94E3-1180D78BB716} = {901463B8-E4EC-48E9-82A7-CB39169B844E}
	EndGlobalSection
EndGlobal
