
Microsoft Visual Studio Solution File, Format Version 11.00
# Visual Studio 2010
Project("{2150E333-8FDC-42A3-9474-1A3956D46DE8}") = "Misc", "Misc", "{BE2670D1-698C-4D98-95DC-8CD01C242A4C}"
EndProject
Project("{FAE04EC0-301F-11D3-BF4B-00C04F79EFBC}") = "Gibbed.Illusion.FileFormats", "projects\Gibbed.Illusion.FileFormats\Gibbed.Illusion.FileFormats.csproj", "{5A432EEC-FE92-4AD8-9DE0-FABBA0B552B4}"
EndProject
Project("{FAE04EC0-301F-11D3-BF4B-00C04F79EFBC}") = "Gibbed.IO", "projects\Gibbed.IO\Gibbed.IO.csproj", "{047857BA-DAA3-4CA7-AFB8-A1B082B28C6A}"
EndProject
Project("{FAE04EC0-301F-11D3-BF4B-00C04F79EFBC}") = "NDesk.Options", "projects\NDesk.Options\NDesk.Options.csproj", "{C98A6CD6-9422-4B35-8B7A-F520D75534D1}"
EndProject
Project("{FAE04EC0-301F-11D3-BF4B-00C04F79EFBC}") = "Gibbed.Squish", "projects\Gibbed.Squish\Gibbed.Squish.csproj", "{242D0738-AA4C-4C9C-A218-891A8F55559C}"
EndProject
Project("{FAE04EC0-301F-11D3-BF4B-00C04F79EFBC}") = "Gibbed.Mafia2.FileFormats", "projects\Gibbed.Mafia2.FileFormats\Gibbed.Mafia2.FileFormats.csproj", "{4B688E95-DCFB-48A3-B65E-566C53FC4682}"
EndProject
Project("{FAE04EC0-301F-11D3-BF4B-00C04F79EFBC}") = "Gibbed.Mafia2.ResourceFormats", "projects\Gibbed.Mafia2.ResourceFormats\Gibbed.Mafia2.ResourceFormats.csproj", "{0CCC8717-8CFB-449E-9DCC-532F073B1CDD}"
EndProject
Project("{FAE04EC0-301F-11D3-BF4B-00C04F79EFBC}") = "Gibbed.Mafia2.ResourceExplorer", "projects\Gibbed.Mafia2.ResourceExplorer\Gibbed.Mafia2.ResourceExplorer.csproj", "{CCE32A18-2AB1-4066-9B05-F2B24DAF9613}"
EndProject
Project("{2150E333-8FDC-42A3-9474-1A3956D46DE8}") = "Projects", "Projects", "{927B74A3-A465-484B-A38A-1C4A6D964500}"
EndProject
Project("{2150E333-8FDC-42A3-9474-1A3956D46DE8}") = "Mafia 2", "Mafia 2", "{649FFA7C-5E6E-4601-A52A-A21911C8B8FF}"
EndProject
Project("{2150E333-8FDC-42A3-9474-1A3956D46DE8}") = "Common", "Common", "{6AEA671B-4C4E-4C3D-AD8D-C8138577AFF2}"
EndProject
Project("{FAE04EC0-301F-11D3-BF4B-00C04F79EFBC}") = "Gibbed.Mafia2.ArchiveDecompress", "projects\Gibbed.Mafia2.ArchiveDecompress\Gibbed.Mafia2.ArchiveDecompress.csproj", "{C83939E7-713A-4A67-B0E9-B003262EE8DA}"
EndProject
Project("{2150E333-8FDC-42A3-9474-1A3956D46DE8}") = "Formats", "Formats", "{021078B5-40BE-4FE7-B2FD-8E1ABCF64D27}"
EndProject
Project("{FAE04EC0-301F-11D3-BF4B-00C04F79EFBC}") = "Gibbed.Mafia2.ArchiveDecrypt", "projects\Gibbed.Mafia2.ArchiveDecrypt\Gibbed.Mafia2.ArchiveDecrypt.csproj", "{ED5B538C-383D-48EB-94E3-1180D78BB716}"
EndProject
Project("{FAE04EC0-301F-11D3-BF4B-00C04F79EFBC}") = "Gibbed.Mafia2.FrameExport", "projects\Gibbed.Mafia2.FrameExport\Gibbed.Mafia2.FrameExport.csproj", "{3D282A6D-C5A1-4E3E-9FF6-BC7D33FD9D29}"
EndProject
Global
	GlobalSection(SolutionConfigurationPlatforms) = preSolution
		Debug|Any CPU = Debug|Any CPU
		Debug|Mixed Platforms = Debug|Mixed Platforms
		Debug|x86 = Debug|x86
		Release|Any CPU = Release|Any CPU
		Release|Mixed Platforms = Release|Mixed Platforms
		Release|x86 = Release|x86
	EndGlobalSection
	GlobalSection(ProjectConfigurationPlatforms) = postSolution
		{5A432EEC-FE92-4AD8-9DE0-FABBA0B552B4}.Debug|Any CPU.ActiveCfg = Debug|Any CPU
		{5A432EEC-FE92-4AD8-9DE0-FABBA0B552B4}.Debug|Any CPU.Build.0 = Debug|Any CPU
		{5A432EEC-FE92-4AD8-9DE0-FABBA0B552B4}.Debug|Mixed Platforms.ActiveCfg = Debug|Any CPU
		{5A432EEC-FE92-4AD8-9DE0-FABBA0B552B4}.Debug|Mixed Platforms.Build.0 = Debug|Any CPU
		{5A432EEC-FE92-4AD8-9DE0-FABBA0B552B4}.Debug|x86.ActiveCfg = Debug|Any CPU
		{5A432EEC-FE92-4AD8-9DE0-FABBA0B552B4}.Release|Any CPU.ActiveCfg = Release|Any CPU
		{5A432EEC-FE92-4AD8-9DE0-FABBA0B552B4}.Release|Any CPU.Build.0 = Release|Any CPU
		{5A432EEC-FE92-4AD8-9DE0-FABBA0B552B4}.Release|Mixed Platforms.ActiveCfg = Release|Any CPU
		{5A432EEC-FE92-4AD8-9DE0-FABBA0B552B4}.Release|Mixed Platforms.Build.0 = Release|Any CPU
		{5A432EEC-FE92-4AD8-9DE0-FABBA0B552B4}.Release|x86.ActiveCfg = Release|Any CPU
		{047857BA-DAA3-4CA7-AFB8-A1B082B28C6A}.Debug|Any CPU.ActiveCfg = Debug|Any CPU
		{047857BA-DAA3-4CA7-AFB8-A1B082B28C6A}.Debug|Any CPU.Build.0 = Debug|Any CPU
		{047857BA-DAA3-4CA7-AFB8-A1B082B28C6A}.Debug|Mixed Platforms.ActiveCfg = Debug|Any CPU
		{047857BA-DAA3-4CA7-AFB8-A1B082B28C6A}.Debug|Mixed Platforms.Build.0 = Debug|Any CPU
		{047857BA-DAA3-4CA7-AFB8-A1B082B28C6A}.Debug|x86.ActiveCfg = Debug|Any CPU
		{047857BA-DAA3-4CA7-AFB8-A1B082B28C6A}.Release|Any CPU.ActiveCfg = Release|Any CPU
		{047857BA-DAA3-4CA7-AFB8-A1B082B28C6A}.Release|Any CPU.Build.0 = Release|Any CPU
		{047857BA-DAA3-4CA7-AFB8-A1B082B28C6A}.Release|Mixed Platforms.ActiveCfg = Release|Any CPU
		{047857BA-DAA3-4CA7-AFB8-A1B082B28C6A}.Release|Mixed Platforms.Build.0 = Release|Any CPU
		{047857BA-DAA3-4CA7-AFB8-A1B082B28C6A}.Release|x86.ActiveCfg = Release|Any CPU
		{C98A6CD6-9422-4B35-8B7A-F520D75534D1}.Debug|Any CPU.ActiveCfg = Debug|Any CPU
		{C98A6CD6-9422-4B35-8B7A-F520D75534D1}.Debug|Any CPU.Build.0 = Debug|Any CPU
		{C98A6CD6-9422-4B35-8B7A-F520D75534D1}.Debug|Mixed Platforms.ActiveCfg = Debug|Any CPU
		{C98A6CD6-9422-4B35-8B7A-F520D75534D1}.Debug|Mixed Platforms.Build.0 = Debug|Any CPU
		{C98A6CD6-9422-4B35-8B7A-F520D75534D1}.Debug|x86.ActiveCfg = Debug|Any CPU
		{C98A6CD6-9422-4B35-8B7A-F520D75534D1}.Release|Any CPU.ActiveCfg = Release|Any CPU
		{C98A6CD6-9422-4B35-8B7A-F520D75534D1}.Release|Any CPU.Build.0 = Release|Any CPU
		{C98A6CD6-9422-4B35-8B7A-F520D75534D1}.Release|Mixed Platforms.ActiveCfg = Release|Any CPU
		{C98A6CD6-9422-4B35-8B7A-F520D75534D1}.Release|Mixed Platforms.Build.0 = Release|Any CPU
		{C98A6CD6-9422-4B35-8B7A-F520D75534D1}.Release|x86.ActiveCfg = Release|Any CPU
		{242D0738-AA4C-4C9C-A218-891A8F55559C}.Debug|Any CPU.ActiveCfg = Debug|Any CPU
		{242D0738-AA4C-4C9C-A218-891A8F55559C}.Debug|Any CPU.Build.0 = Debug|Any CPU
		{242D0738-AA4C-4C9C-A218-891A8F55559C}.Debug|Mixed Platforms.ActiveCfg = Debug|Any CPU
		{242D0738-AA4C-4C9C-A218-891A8F55559C}.Debug|Mixed Platforms.Build.0 = Debug|Any CPU
		{242D0738-AA4C-4C9C-A218-891A8F55559C}.Debug|x86.ActiveCfg = Debug|Any CPU
		{242D0738-AA4C-4C9C-A218-891A8F55559C}.Release|Any CPU.ActiveCfg = Release|Any CPU
		{242D0738-AA4C-4C9C-A218-891A8F55559C}.Release|Any CPU.Build.0 = Release|Any CPU
		{242D0738-AA4C-4C9C-A218-891A8F55559C}.Release|Mixed Platforms.ActiveCfg = Release|Any CPU
		{242D0738-AA4C-4C9C-A218-891A8F55559C}.Release|Mixed Platforms.Build.0 = Release|Any CPU
		{242D0738-AA4C-4C9C-A218-891A8F55559C}.Release|x86.ActiveCfg = Release|Any CPU
		{4B688E95-DCFB-48A3-B65E-566C53FC4682}.Debug|Any CPU.ActiveCfg = Debug|Any CPU
		{4B688E95-DCFB-48A3-B65E-566C53FC4682}.Debug|Any CPU.Build.0 = Debug|Any CPU
		{4B688E95-DCFB-48A3-B65E-566C53FC4682}.Debug|Mixed Platforms.ActiveCfg = Debug|Any CPU
		{4B688E95-DCFB-48A3-B65E-566C53FC4682}.Debug|Mixed Platforms.Build.0 = Debug|Any CPU
		{4B688E95-DCFB-48A3-B65E-566C53FC4682}.Debug|x86.ActiveCfg = Debug|Any CPU
		{4B688E95-DCFB-48A3-B65E-566C53FC4682}.Release|Any CPU.ActiveCfg = Release|Any CPU
		{4B688E95-DCFB-48A3-B65E-566C53FC4682}.Release|Any CPU.Build.0 = Release|Any CPU
		{4B688E95-DCFB-48A3-B65E-566C53FC4682}.Release|Mixed Platforms.ActiveCfg = Release|Any CPU
		{4B688E95-DCFB-48A3-B65E-566C53FC4682}.Release|Mixed Platforms.Build.0 = Release|Any CPU
		{4B688E95-DCFB-48A3-B65E-566C53FC4682}.Release|x86.ActiveCfg = Release|Any CPU
		{0CCC8717-8CFB-449E-9DCC-532F073B1CDD}.Debug|Any CPU.ActiveCfg = Debug|Any CPU
		{0CCC8717-8CFB-449E-9DCC-532F073B1CDD}.Debug|Any CPU.Build.0 = Debug|Any CPU
		{0CCC8717-8CFB-449E-9DCC-532F073B1CDD}.Debug|Mixed Platforms.ActiveCfg = Debug|Any CPU
		{0CCC8717-8CFB-449E-9DCC-532F073B1CDD}.Debug|Mixed Platforms.Build.0 = Debug|Any CPU
		{0CCC8717-8CFB-449E-9DCC-532F073B1CDD}.Debug|x86.ActiveCfg = Debug|Any CPU
		{0CCC8717-8CFB-449E-9DCC-532F073B1CDD}.Release|Any CPU.ActiveCfg = Release|Any CPU
		{0CCC8717-8CFB-449E-9DCC-532F073B1CDD}.Release|Any CPU.Build.0 = Release|Any CPU
		{0CCC8717-8CFB-449E-9DCC-532F073B1CDD}.Release|Mixed Platforms.ActiveCfg = Release|Any CPU
		{0CCC8717-8CFB-449E-9DCC-532F073B1CDD}.Release|Mixed Platforms.Build.0 = Release|Any CPU
		{0CCC8717-8CFB-449E-9DCC-532F073B1CDD}.Release|x86.ActiveCfg = Release|Any CPU
		{CCE32A18-2AB1-4066-9B05-F2B24DAF9613}.Debug|Any CPU.ActiveCfg = Debug|Any CPU
		{CCE32A18-2AB1-4066-9B05-F2B24DAF9613}.Debug|Any CPU.Build.0 = Debug|Any CPU
		{CCE32A18-2AB1-4066-9B05-F2B24DAF9613}.Debug|Mixed Platforms.ActiveCfg = Debug|Any CPU
		{CCE32A18-2AB1-4066-9B05-F2B24DAF9613}.Debug|Mixed Platforms.Build.0 = Debug|Any CPU
		{CCE32A18-2AB1-4066-9B05-F2B24DAF9613}.Debug|x86.ActiveCfg = Debug|Any CPU
		{CCE32A18-2AB1-4066-9B05-F2B24DAF9613}.Release|Any CPU.ActiveCfg = Release|Any CPU
		{CCE32A18-2AB1-4066-9B05-F2B24DAF9613}.Release|Any CPU.Build.0 = Release|Any CPU
		{CCE32A18-2AB1-4066-9B05-F2B24DAF9613}.Release|Mixed Platforms.ActiveCfg = Release|Any CPU
		{CCE32A18-2AB1-4066-9B05-F2B24DAF9613}.Release|Mixed Platforms.Build.0 = Release|Any CPU
		{CCE32A18-2AB1-4066-9B05-F2B24DAF9613}.Release|x86.ActiveCfg = Release|Any CPU
		{C83939E7-713A-4A67-B0E9-B003262EE8DA}.Debug|Any CPU.ActiveCfg = Debug|Any CPU
		{C83939E7-713A-4A67-B0E9-B003262EE8DA}.Debug|Any CPU.Build.0 = Debug|Any CPU
		{C83939E7-713A-4A67-B0E9-B003262EE8DA}.Debug|Mixed Platforms.ActiveCfg = Debug|Any CPU
		{C83939E7-713A-4A67-B0E9-B003262EE8DA}.Debug|Mixed Platforms.Build.0 = Debug|Any CPU
		{C83939E7-713A-4A67-B0E9-B003262EE8DA}.Debug|x86.ActiveCfg = Debug|Any CPU
		{C83939E7-713A-4A67-B0E9-B003262EE8DA}.Release|Any CPU.ActiveCfg = Release|Any CPU
		{C83939E7-713A-4A67-B0E9-B003262EE8DA}.Release|Any CPU.Build.0 = Release|Any CPU
		{C83939E7-713A-4A67-B0E9-B003262EE8DA}.Release|Mixed Platforms.ActiveCfg = Release|Any CPU
		{C83939E7-713A-4A67-B0E9-B003262EE8DA}.Release|Mixed Platforms.Build.0 = Release|Any CPU
		{C83939E7-713A-4A67-B0E9-B003262EE8DA}.Release|x86.ActiveCfg = Release|Any CPU
		{ED5B538C-383D-48EB-94E3-1180D78BB716}.Debug|Any CPU.ActiveCfg = Debug|Any CPU
		{ED5B538C-383D-48EB-94E3-1180D78BB716}.Debug|Any CPU.Build.0 = Debug|Any CPU
		{ED5B538C-383D-48EB-94E3-1180D78BB716}.Debug|Mixed Platforms.ActiveCfg = Debug|Any CPU
		{ED5B538C-383D-48EB-94E3-1180D78BB716}.Debug|Mixed Platforms.Build.0 = Debug|Any CPU
		{ED5B538C-383D-48EB-94E3-1180D78BB716}.Debug|x86.ActiveCfg = Debug|Any CPU
		{ED5B538C-383D-48EB-94E3-1180D78BB716}.Release|Any CPU.ActiveCfg = Release|Any CPU
		{ED5B538C-383D-48EB-94E3-1180D78BB716}.Release|Any CPU.Build.0 = Release|Any CPU
		{ED5B538C-383D-48EB-94E3-1180D78BB716}.Release|Mixed Platforms.ActiveCfg = Release|Any CPU
		{ED5B538C-383D-48EB-94E3-1180D78BB716}.Release|Mixed Platforms.Build.0 = Release|Any CPU
		{ED5B538C-383D-48EB-94E3-1180D78BB716}.Release|x86.ActiveCfg = Release|Any CPU
		{3D282A6D-C5A1-4E3E-9FF6-BC7D33FD9D29}.Debug|Any CPU.ActiveCfg = Debug|x86
		{3D282A6D-C5A1-4E3E-9FF6-BC7D33FD9D29}.Debug|Mixed Platforms.ActiveCfg = Debug|x86
		{3D282A6D-C5A1-4E3E-9FF6-BC7D33FD9D29}.Debug|Mixed Platforms.Build.0 = Debug|x86
		{3D282A6D-C5A1-4E3E-9FF6-BC7D33FD9D29}.Debug|x86.ActiveCfg = Debug|x86
		{3D282A6D-C5A1-4E3E-9FF6-BC7D33FD9D29}.Debug|x86.Build.0 = Debug|x86
		{3D282A6D-C5A1-4E3E-9FF6-BC7D33FD9D29}.Release|Any CPU.ActiveCfg = Release|x86
		{3D282A6D-C5A1-4E3E-9FF6-BC7D33FD9D29}.Release|Mixed Platforms.ActiveCfg = Release|x86
		{3D282A6D-C5A1-4E3E-9FF6-BC7D33FD9D29}.Release|Mixed Platforms.Build.0 = Release|x86
		{3D282A6D-C5A1-4E3E-9FF6-BC7D33FD9D29}.Release|x86.ActiveCfg = Release|x86
		{3D282A6D-C5A1-4E3E-9FF6-BC7D33FD9D29}.Release|x86.Build.0 = Release|x86
	EndGlobalSection
	GlobalSection(SolutionProperties) = preSolution
		HideSolutionNode = FALSE
	EndGlobalSection
	GlobalSection(NestedProjects) = preSolution
		{047857BA-DAA3-4CA7-AFB8-A1B082B28C6A} = {BE2670D1-698C-4D98-95DC-8CD01C242A4C}
		{C98A6CD6-9422-4B35-8B7A-F520D75534D1} = {BE2670D1-698C-4D98-95DC-8CD01C242A4C}
		{242D0738-AA4C-4C9C-A218-891A8F55559C} = {BE2670D1-698C-4D98-95DC-8CD01C242A4C}
		{649FFA7C-5E6E-4601-A52A-A21911C8B8FF} = {927B74A3-A465-484B-A38A-1C4A6D964500}
		{6AEA671B-4C4E-4C3D-AD8D-C8138577AFF2} = {927B74A3-A465-484B-A38A-1C4A6D964500}
		{021078B5-40BE-4FE7-B2FD-8E1ABCF64D27} = {649FFA7C-5E6E-4601-A52A-A21911C8B8FF}
		{CCE32A18-2AB1-4066-9B05-F2B24DAF9613} = {649FFA7C-5E6E-4601-A52A-A21911C8B8FF}
		{C83939E7-713A-4A67-B0E9-B003262EE8DA} = {649FFA7C-5E6E-4601-A52A-A21911C8B8FF}
		{ED5B538C-383D-48EB-94E3-1180D78BB716} = {649FFA7C-5E6E-4601-A52A-A21911C8B8FF}
		{3D282A6D-C5A1-4E3E-9FF6-BC7D33FD9D29} = {649FFA7C-5E6E-4601-A52A-A21911C8B8FF}
		{4B688E95-DCFB-48A3-B65E-566C53FC4682} = {021078B5-40BE-4FE7-B2FD-8E1ABCF64D27}
		{0CCC8717-8CFB-449E-9DCC-532F073B1CDD} = {021078B5-40BE-4FE7-B2FD-8E1ABCF64D27}
		{5A432EEC-FE92-4AD8-9DE0-FABBA0B552B4} = {6AEA671B-4C4E-4C3D-AD8D-C8138577AFF2}
	EndGlobalSection
EndGlobal
